
Microsoft Visual Studio Solution File, Format Version 12.00
# Visual Studio Version 17
VisualStudioVersion = 17.3.32922.545
MinimumVisualStudioVersion = 10.0.40219.1
Project("{8BC9CEB8-8B4A-11D0-8D11-00A0C91BC942}") = "PR5.1", "PR5.1.vcxproj", "{CA18457F-8A36-43A3-BB30-38211A0B9E7D}"
EndProject
Project("{8BC9CEB8-8B4A-11D0-8D11-00A0C91BC942}") = "UnitTest5.1", "..\UnitTest5.1\UnitTest5.1.vcxproj", "{620068EF-23B0-49E3-BD5C-EE0FA0CC8897}"
EndProject
Global
	GlobalSection(SolutionConfigurationPlatforms) = preSolution
		Debug|x64 = Debug|x64
		Debug|x86 = Debug|x86
		Release|x64 = Release|x64
		Release|x86 = Release|x86
	EndGlobalSection
	GlobalSection(ProjectConfigurationPlatforms) = postSolution
		{CA18457F-8A36-43A3-BB30-38211A0B9E7D}.Debug|x64.ActiveCfg = Debug|x64
		{CA18457F-8A36-43A3-BB30-38211A0B9E7D}.Debug|x64.Build.0 = Debug|x64
		{CA18457F-8A36-43A3-BB30-38211A0B9E7D}.Debug|x86.ActiveCfg = Debug|Win32
		{CA18457F-8A36-43A3-BB30-38211A0B9E7D}.Debug|x86.Build.0 = Debug|Win32
		{CA18457F-8A36-43A3-BB30-38211A0B9E7D}.Release|x64.ActiveCfg = Release|x64
		{CA18457F-8A36-43A3-BB30-38211A0B9E7D}.Release|x64.Build.0 = Release|x64
		{CA18457F-8A36-43A3-BB30-38211A0B9E7D}.Release|x86.ActiveCfg = Release|Win32
		{CA18457F-8A36-43A3-BB30-38211A0B9E7D}.Release|x86.Build.0 = Release|Win32
		{620068EF-23B0-49E3-BD5C-EE0FA0CC8897}.Debug|x64.ActiveCfg = Debug|x64
		{620068EF-23B0-49E3-BD5C-EE0FA0CC8897}.Debug|x64.Build.0 = Debug|x64
		{620068EF-23B0-49E3-BD5C-EE0FA0CC8897}.Debug|x86.ActiveCfg = Debug|Win32
		{620068EF-23B0-49E3-BD5C-EE0FA0CC8897}.Debug|x86.Build.0 = Debug|Win32
		{620068EF-23B0-49E3-BD5C-EE0FA0CC8897}.Release|x64.ActiveCfg = Release|x64
		{620068EF-23B0-49E3-BD5C-EE0FA0CC8897}.Release|x64.Build.0 = Release|x64
		{620068EF-23B0-49E3-BD5C-EE0FA0CC8897}.Release|x86.ActiveCfg = Release|Win32
		{620068EF-23B0-49E3-BD5C-EE0FA0CC8897}.Release|x86.Build.0 = Release|Win32
	EndGlobalSection
	GlobalSection(SolutionProperties) = preSolution
		HideSolutionNode = FALSE
	EndGlobalSection
	GlobalSection(ExtensibilityGlobals) = postSolution
		SolutionGuid = {EF96F489-C796-48CC-9136-33FF77F79638}
	EndGlobalSection
EndGlobal
